
Microsoft Visual Studio Solution File, Format Version 12.00
# Visual Studio 14
VisualStudioVersion = 14.0.24720.0
MinimumVisualStudioVersion = 10.0.40219.1
Project("{FAE04EC0-301F-11D3-BF4B-00C04F79EFBC}") = "WotAnalizator.Droid", "WotAnalizator\WotAnalizator.Droid\WotAnalizator.Droid.csproj", "{0094CD7F-780F-499B-9676-3737C49EF933}"
EndProject
Project("{FAE04EC0-301F-11D3-BF4B-00C04F79EFBC}") = "WotAnalizator.iOS", "WotAnalizator\WotAnalizator.iOS\WotAnalizator.iOS.csproj", "{04C53BED-9686-4016-B50B-09A07A388248}"
EndProject
Project("{FAE04EC0-301F-11D3-BF4B-00C04F79EFBC}") = "WotAnalizator.WinPhone", "WotAnalizator\WotAnalizator.WinPhone\WotAnalizator.WinPhone.csproj", "{23897F2C-C7F5-4246-9F44-9ED03FC9A853}"
EndProject
Project("{FAE04EC0-301F-11D3-BF4B-00C04F79EFBC}") = "WotAnalizator.UWP", "WotAnalizator\WotAnalizator.UWP\WotAnalizator.UWP.csproj", "{4B15A18A-682F-48E2-B60A-FE8897696F3B}"
EndProject
Project("{FAE04EC0-301F-11D3-BF4B-00C04F79EFBC}") = "WotAnalizator.Windows", "WotAnalizator\WotAnalizator.Windows\WotAnalizator.Windows.csproj", "{80E77AFB-6339-44CF-B490-FFC9F6641762}"
EndProject
Project("{FAE04EC0-301F-11D3-BF4B-00C04F79EFBC}") = "WotAnalizator", "WotAnalizator\WotAnalizator\WotAnalizator.csproj", "{74A13CF7-3BC7-4DFB-987D-1A6DAC40F5AD}"
EndProject
Global
	GlobalSection(SolutionConfigurationPlatforms) = preSolution
		Ad-Hoc|Any CPU = Ad-Hoc|Any CPU
		Ad-Hoc|ARM = Ad-Hoc|ARM
		Ad-Hoc|iPhone = Ad-Hoc|iPhone
		Ad-Hoc|iPhoneSimulator = Ad-Hoc|iPhoneSimulator
		Ad-Hoc|x64 = Ad-Hoc|x64
		Ad-Hoc|x86 = Ad-Hoc|x86
		AppStore|Any CPU = AppStore|Any CPU
		AppStore|ARM = AppStore|ARM
		AppStore|iPhone = AppStore|iPhone
		AppStore|iPhoneSimulator = AppStore|iPhoneSimulator
		AppStore|x64 = AppStore|x64
		AppStore|x86 = AppStore|x86
		Debug|Any CPU = Debug|Any CPU
		Debug|ARM = Debug|ARM
		Debug|iPhone = Debug|iPhone
		Debug|iPhoneSimulator = Debug|iPhoneSimulator
		Debug|x64 = Debug|x64
		Debug|x86 = Debug|x86
		Release|Any CPU = Release|Any CPU
		Release|ARM = Release|ARM
		Release|iPhone = Release|iPhone
		Release|iPhoneSimulator = Release|iPhoneSimulator
		Release|x64 = Release|x64
		Release|x86 = Release|x86
	EndGlobalSection
	GlobalSection(ProjectConfigurationPlatforms) = postSolution
		{0094CD7F-780F-499B-9676-3737C49EF933}.Ad-Hoc|Any CPU.ActiveCfg = Release|Any CPU
		{0094CD7F-780F-499B-9676-3737C49EF933}.Ad-Hoc|Any CPU.Build.0 = Release|Any CPU
		{0094CD7F-780F-499B-9676-3737C49EF933}.Ad-Hoc|Any CPU.Deploy.0 = Release|Any CPU
		{0094CD7F-780F-499B-9676-3737C49EF933}.Ad-Hoc|ARM.ActiveCfg = Release|Any CPU
		{0094CD7F-780F-499B-9676-3737C49EF933}.Ad-Hoc|ARM.Build.0 = Release|Any CPU
		{0094CD7F-780F-499B-9676-3737C49EF933}.Ad-Hoc|ARM.Deploy.0 = Release|Any CPU
		{0094CD7F-780F-499B-9676-3737C49EF933}.Ad-Hoc|iPhone.ActiveCfg = Release|Any CPU
		{0094CD7F-780F-499B-9676-3737C49EF933}.Ad-Hoc|iPhone.Build.0 = Release|Any CPU
		{0094CD7F-780F-499B-9676-3737C49EF933}.Ad-Hoc|iPhone.Deploy.0 = Release|Any CPU
		{0094CD7F-780F-499B-9676-3737C49EF933}.Ad-Hoc|iPhoneSimulator.ActiveCfg = Release|Any CPU
		{0094CD7F-780F-499B-9676-3737C49EF933}.Ad-Hoc|iPhoneSimulator.Build.0 = Release|Any CPU
		{0094CD7F-780F-499B-9676-3737C49EF933}.Ad-Hoc|iPhoneSimulator.Deploy.0 = Release|Any CPU
		{0094CD7F-780F-499B-9676-3737C49EF933}.Ad-Hoc|x64.ActiveCfg = Release|Any CPU
		{0094CD7F-780F-499B-9676-3737C49EF933}.Ad-Hoc|x64.Build.0 = Release|Any CPU
		{0094CD7F-780F-499B-9676-3737C49EF933}.Ad-Hoc|x64.Deploy.0 = Release|Any CPU
		{0094CD7F-780F-499B-9676-3737C49EF933}.Ad-Hoc|x86.ActiveCfg = Release|Any CPU
		{0094CD7F-780F-499B-9676-3737C49EF933}.Ad-Hoc|x86.Build.0 = Release|Any CPU
		{0094CD7F-780F-499B-9676-3737C49EF933}.Ad-Hoc|x86.Deploy.0 = Release|Any CPU
		{0094CD7F-780F-499B-9676-3737C49EF933}.AppStore|Any CPU.ActiveCfg = Release|Any CPU
		{0094CD7F-780F-499B-9676-3737C49EF933}.AppStore|Any CPU.Build.0 = Release|Any CPU
		{0094CD7F-780F-499B-9676-3737C49EF933}.AppStore|Any CPU.Deploy.0 = Release|Any CPU
		{0094CD7F-780F-499B-9676-3737C49EF933}.AppStore|ARM.ActiveCfg = Release|Any CPU
		{0094CD7F-780F-499B-9676-3737C49EF933}.AppStore|ARM.Build.0 = Release|Any CPU
		{0094CD7F-780F-499B-9676-3737C49EF933}.AppStore|ARM.Deploy.0 = Release|Any CPU
		{0094CD7F-780F-499B-9676-3737C49EF933}.AppStore|iPhone.ActiveCfg = Release|Any CPU
		{0094CD7F-780F-499B-9676-3737C49EF933}.AppStore|iPhone.Build.0 = Release|Any CPU
		{0094CD7F-780F-499B-9676-3737C49EF933}.AppStore|iPhone.Deploy.0 = Release|Any CPU
		{0094CD7F-780F-499B-9676-3737C49EF933}.AppStore|iPhoneSimulator.ActiveCfg = Release|Any CPU
		{0094CD7F-780F-499B-9676-3737C49EF933}.AppStore|iPhoneSimulator.Build.0 = Release|Any CPU
		{0094CD7F-780F-499B-9676-3737C49EF933}.AppStore|iPhoneSimulator.Deploy.0 = Release|Any CPU
		{0094CD7F-780F-499B-9676-3737C49EF933}.AppStore|x64.ActiveCfg = Release|Any CPU
		{0094CD7F-780F-499B-9676-3737C49EF933}.AppStore|x64.Build.0 = Release|Any CPU
		{0094CD7F-780F-499B-9676-3737C49EF933}.AppStore|x64.Deploy.0 = Release|Any CPU
		{0094CD7F-780F-499B-9676-3737C49EF933}.AppStore|x86.ActiveCfg = Release|Any CPU
		{0094CD7F-780F-499B-9676-3737C49EF933}.AppStore|x86.Build.0 = Release|Any CPU
		{0094CD7F-780F-499B-9676-3737C49EF933}.AppStore|x86.Deploy.0 = Release|Any CPU
		{0094CD7F-780F-499B-9676-3737C49EF933}.Debug|Any CPU.ActiveCfg = Debug|Any CPU
		{0094CD7F-780F-499B-9676-3737C49EF933}.Debug|Any CPU.Build.0 = Debug|Any CPU
		{0094CD7F-780F-499B-9676-3737C49EF933}.Debug|Any CPU.Deploy.0 = Debug|Any CPU
		{0094CD7F-780F-499B-9676-3737C49EF933}.Debug|ARM.ActiveCfg = Debug|Any CPU
		{0094CD7F-780F-499B-9676-3737C49EF933}.Debug|ARM.Build.0 = Debug|Any CPU
		{0094CD7F-780F-499B-9676-3737C49EF933}.Debug|ARM.Deploy.0 = Debug|Any CPU
		{0094CD7F-780F-499B-9676-3737C49EF933}.Debug|iPhone.ActiveCfg = Debug|Any CPU
		{0094CD7F-780F-499B-9676-3737C49EF933}.Debug|iPhone.Build.0 = Debug|Any CPU
		{0094CD7F-780F-499B-9676-3737C49EF933}.Debug|iPhone.Deploy.0 = Debug|Any CPU
		{0094CD7F-780F-499B-9676-3737C49EF933}.Debug|iPhoneSimulator.ActiveCfg = Debug|Any CPU
		{0094CD7F-780F-499B-9676-3737C49EF933}.Debug|iPhoneSimulator.Build.0 = Debug|Any CPU
		{0094CD7F-780F-499B-9676-3737C49EF933}.Debug|iPhoneSimulator.Deploy.0 = Debug|Any CPU
		{0094CD7F-780F-499B-9676-3737C49EF933}.Debug|x64.ActiveCfg = Debug|Any CPU
		{0094CD7F-780F-499B-9676-3737C49EF933}.Debug|x64.Build.0 = Debug|Any CPU
		{0094CD7F-780F-499B-9676-3737C49EF933}.Debug|x64.Deploy.0 = Debug|Any CPU
		{0094CD7F-780F-499B-9676-3737C49EF933}.Debug|x86.ActiveCfg = Debug|Any CPU
		{0094CD7F-780F-499B-9676-3737C49EF933}.Debug|x86.Build.0 = Debug|Any CPU
		{0094CD7F-780F-499B-9676-3737C49EF933}.Debug|x86.Deploy.0 = Debug|Any CPU
		{0094CD7F-780F-499B-9676-3737C49EF933}.Release|Any CPU.ActiveCfg = Release|Any CPU
		{0094CD7F-780F-499B-9676-3737C49EF933}.Release|Any CPU.Build.0 = Release|Any CPU
		{0094CD7F-780F-499B-9676-3737C49EF933}.Release|Any CPU.Deploy.0 = Release|Any CPU
		{0094CD7F-780F-499B-9676-3737C49EF933}.Release|ARM.ActiveCfg = Release|Any CPU
		{0094CD7F-780F-499B-9676-3737C49EF933}.Release|ARM.Build.0 = Release|Any CPU
		{0094CD7F-780F-499B-9676-3737C49EF933}.Release|ARM.Deploy.0 = Release|Any CPU
		{0094CD7F-780F-499B-9676-3737C49EF933}.Release|iPhone.ActiveCfg = Release|Any CPU
		{0094CD7F-780F-499B-9676-3737C49EF933}.Release|iPhone.Build.0 = Release|Any CPU
		{0094CD7F-780F-499B-9676-3737C49EF933}.Release|iPhone.Deploy.0 = Release|Any CPU
		{0094CD7F-780F-499B-9676-3737C49EF933}.Release|iPhoneSimulator.ActiveCfg = Release|Any CPU
		{0094CD7F-780F-499B-9676-3737C49EF933}.Release|iPhoneSimulator.Build.0 = Release|Any CPU
		{0094CD7F-780F-499B-9676-3737C49EF933}.Release|iPhoneSimulator.Deploy.0 = Release|Any CPU
		{0094CD7F-780F-499B-9676-3737C49EF933}.Release|x64.ActiveCfg = Release|Any CPU
		{0094CD7F-780F-499B-9676-3737C49EF933}.Release|x64.Build.0 = Release|Any CPU
		{0094CD7F-780F-499B-9676-3737C49EF933}.Release|x64.Deploy.0 = Release|Any CPU
		{0094CD7F-780F-499B-9676-3737C49EF933}.Release|x86.ActiveCfg = Release|Any CPU
		{0094CD7F-780F-499B-9676-3737C49EF933}.Release|x86.Build.0 = Release|Any CPU
		{0094CD7F-780F-499B-9676-3737C49EF933}.Release|x86.Deploy.0 = Release|Any CPU
		{04C53BED-9686-4016-B50B-09A07A388248}.Ad-Hoc|Any CPU.ActiveCfg = Ad-Hoc|iPhone
		{04C53BED-9686-4016-B50B-09A07A388248}.Ad-Hoc|ARM.ActiveCfg = Ad-Hoc|iPhone
		{04C53BED-9686-4016-B50B-09A07A388248}.Ad-Hoc|iPhone.ActiveCfg = Ad-Hoc|iPhone
		{04C53BED-9686-4016-B50B-09A07A388248}.Ad-Hoc|iPhone.Build.0 = Ad-Hoc|iPhone
		{04C53BED-9686-4016-B50B-09A07A388248}.Ad-Hoc|iPhoneSimulator.ActiveCfg = Ad-Hoc|iPhoneSimulator
		{04C53BED-9686-4016-B50B-09A07A388248}.Ad-Hoc|iPhoneSimulator.Build.0 = Ad-Hoc|iPhoneSimulator
		{04C53BED-9686-4016-B50B-09A07A388248}.Ad-Hoc|x64.ActiveCfg = Ad-Hoc|iPhone
		{04C53BED-9686-4016-B50B-09A07A388248}.Ad-Hoc|x86.ActiveCfg = Ad-Hoc|iPhone
		{04C53BED-9686-4016-B50B-09A07A388248}.AppStore|Any CPU.ActiveCfg = AppStore|iPhone
		{04C53BED-9686-4016-B50B-09A07A388248}.AppStore|ARM.ActiveCfg = AppStore|iPhone
		{04C53BED-9686-4016-B50B-09A07A388248}.AppStore|iPhone.ActiveCfg = AppStore|iPhone
		{04C53BED-9686-4016-B50B-09A07A388248}.AppStore|iPhone.Build.0 = AppStore|iPhone
		{04C53BED-9686-4016-B50B-09A07A388248}.AppStore|iPhoneSimulator.ActiveCfg = AppStore|iPhoneSimulator
		{04C53BED-9686-4016-B50B-09A07A388248}.AppStore|iPhoneSimulator.Build.0 = AppStore|iPhoneSimulator
		{04C53BED-9686-4016-B50B-09A07A388248}.AppStore|x64.ActiveCfg = AppStore|iPhone
		{04C53BED-9686-4016-B50B-09A07A388248}.AppStore|x86.ActiveCfg = AppStore|iPhone
		{04C53BED-9686-4016-B50B-09A07A388248}.Debug|Any CPU.ActiveCfg = Debug|iPhone
		{04C53BED-9686-4016-B50B-09A07A388248}.Debug|ARM.ActiveCfg = Debug|iPhone
		{04C53BED-9686-4016-B50B-09A07A388248}.Debug|iPhone.ActiveCfg = Debug|iPhone
		{04C53BED-9686-4016-B50B-09A07A388248}.Debug|iPhone.Build.0 = Debug|iPhone
		{04C53BED-9686-4016-B50B-09A07A388248}.Debug|iPhoneSimulator.ActiveCfg = Debug|iPhoneSimulator
		{04C53BED-9686-4016-B50B-09A07A388248}.Debug|iPhoneSimulator.Build.0 = Debug|iPhoneSimulator
		{04C53BED-9686-4016-B50B-09A07A388248}.Debug|x64.ActiveCfg = Debug|iPhone
		{04C53BED-9686-4016-B50B-09A07A388248}.Debug|x86.ActiveCfg = Debug|iPhone
		{04C53BED-9686-4016-B50B-09A07A388248}.Release|Any CPU.ActiveCfg = Release|iPhone
		{04C53BED-9686-4016-B50B-09A07A388248}.Release|ARM.ActiveCfg = Release|iPhone
		{04C53BED-9686-4016-B50B-09A07A388248}.Release|iPhone.ActiveCfg = Release|iPhone
		{04C53BED-9686-4016-B50B-09A07A388248}.Release|iPhone.Build.0 = Release|iPhone
		{04C53BED-9686-4016-B50B-09A07A388248}.Release|iPhoneSimulator.ActiveCfg = Release|iPhoneSimulator
		{04C53BED-9686-4016-B50B-09A07A388248}.Release|iPhoneSimulator.Build.0 = Release|iPhoneSimulator
		{04C53BED-9686-4016-B50B-09A07A388248}.Release|x64.ActiveCfg = Release|iPhone
		{04C53BED-9686-4016-B50B-09A07A388248}.Release|x86.ActiveCfg = Release|iPhone
		{23897F2C-C7F5-4246-9F44-9ED03FC9A853}.Ad-Hoc|Any CPU.ActiveCfg = Release|Any CPU
		{23897F2C-C7F5-4246-9F44-9ED03FC9A853}.Ad-Hoc|Any CPU.Build.0 = Release|Any CPU
		{23897F2C-C7F5-4246-9F44-9ED03FC9A853}.Ad-Hoc|Any CPU.Deploy.0 = Release|Any CPU
		{23897F2C-C7F5-4246-9F44-9ED03FC9A853}.Ad-Hoc|ARM.ActiveCfg = Release|ARM
		{23897F2C-C7F5-4246-9F44-9ED03FC9A853}.Ad-Hoc|ARM.Build.0 = Release|ARM
		{23897F2C-C7F5-4246-9F44-9ED03FC9A853}.Ad-Hoc|ARM.Deploy.0 = Release|ARM
		{23897F2C-C7F5-4246-9F44-9ED03FC9A853}.Ad-Hoc|iPhone.ActiveCfg = Release|Any CPU
		{23897F2C-C7F5-4246-9F44-9ED03FC9A853}.Ad-Hoc|iPhone.Build.0 = Release|Any CPU
		{23897F2C-C7F5-4246-9F44-9ED03FC9A853}.Ad-Hoc|iPhone.Deploy.0 = Release|Any CPU
		{23897F2C-C7F5-4246-9F44-9ED03FC9A853}.Ad-Hoc|iPhoneSimulator.ActiveCfg = Release|Any CPU
		{23897F2C-C7F5-4246-9F44-9ED03FC9A853}.Ad-Hoc|iPhoneSimulator.Build.0 = Release|Any CPU
		{23897F2C-C7F5-4246-9F44-9ED03FC9A853}.Ad-Hoc|iPhoneSimulator.Deploy.0 = Release|Any CPU
		{23897F2C-C7F5-4246-9F44-9ED03FC9A853}.Ad-Hoc|x64.ActiveCfg = Release|Any CPU
		{23897F2C-C7F5-4246-9F44-9ED03FC9A853}.Ad-Hoc|x64.Build.0 = Release|Any CPU
		{23897F2C-C7F5-4246-9F44-9ED03FC9A853}.Ad-Hoc|x64.Deploy.0 = Release|Any CPU
		{23897F2C-C7F5-4246-9F44-9ED03FC9A853}.Ad-Hoc|x86.ActiveCfg = Release|x86
		{23897F2C-C7F5-4246-9F44-9ED03FC9A853}.Ad-Hoc|x86.Build.0 = Release|x86
		{23897F2C-C7F5-4246-9F44-9ED03FC9A853}.Ad-Hoc|x86.Deploy.0 = Release|x86
		{23897F2C-C7F5-4246-9F44-9ED03FC9A853}.AppStore|Any CPU.ActiveCfg = Release|Any CPU
		{23897F2C-C7F5-4246-9F44-9ED03FC9A853}.AppStore|Any CPU.Build.0 = Release|Any CPU
		{23897F2C-C7F5-4246-9F44-9ED03FC9A853}.AppStore|Any CPU.Deploy.0 = Release|Any CPU
		{23897F2C-C7F5-4246-9F44-9ED03FC9A853}.AppStore|ARM.ActiveCfg = Release|ARM
		{23897F2C-C7F5-4246-9F44-9ED03FC9A853}.AppStore|ARM.Build.0 = Release|ARM
		{23897F2C-C7F5-4246-9F44-9ED03FC9A853}.AppStore|ARM.Deploy.0 = Release|ARM
		{23897F2C-C7F5-4246-9F44-9ED03FC9A853}.AppStore|iPhone.ActiveCfg = Release|Any CPU
		{23897F2C-C7F5-4246-9F44-9ED03FC9A853}.AppStore|iPhone.Build.0 = Release|Any CPU
		{23897F2C-C7F5-4246-9F44-9ED03FC9A853}.AppStore|iPhone.Deploy.0 = Release|Any CPU
		{23897F2C-C7F5-4246-9F44-9ED03FC9A853}.AppStore|iPhoneSimulator.ActiveCfg = Release|Any CPU
		{23897F2C-C7F5-4246-9F44-9ED03FC9A853}.AppStore|iPhoneSimulator.Build.0 = Release|Any CPU
		{23897F2C-C7F5-4246-9F44-9ED03FC9A853}.AppStore|iPhoneSimulator.Deploy.0 = Release|Any CPU
		{23897F2C-C7F5-4246-9F44-9ED03FC9A853}.AppStore|x64.ActiveCfg = Release|Any CPU
		{23897F2C-C7F5-4246-9F44-9ED03FC9A853}.AppStore|x64.Build.0 = Release|Any CPU
		{23897F2C-C7F5-4246-9F44-9ED03FC9A853}.AppStore|x64.Deploy.0 = Release|Any CPU
		{23897F2C-C7F5-4246-9F44-9ED03FC9A853}.AppStore|x86.ActiveCfg = Release|x86
		{23897F2C-C7F5-4246-9F44-9ED03FC9A853}.AppStore|x86.Build.0 = Release|x86
		{23897F2C-C7F5-4246-9F44-9ED03FC9A853}.AppStore|x86.Deploy.0 = Release|x86
		{23897F2C-C7F5-4246-9F44-9ED03FC9A853}.Debug|Any CPU.ActiveCfg = Debug|Any CPU
		{23897F2C-C7F5-4246-9F44-9ED03FC9A853}.Debug|Any CPU.Build.0 = Debug|Any CPU
		{23897F2C-C7F5-4246-9F44-9ED03FC9A853}.Debug|Any CPU.Deploy.0 = Debug|Any CPU
		{23897F2C-C7F5-4246-9F44-9ED03FC9A853}.Debug|ARM.ActiveCfg = Debug|ARM
		{23897F2C-C7F5-4246-9F44-9ED03FC9A853}.Debug|ARM.Build.0 = Debug|ARM
		{23897F2C-C7F5-4246-9F44-9ED03FC9A853}.Debug|ARM.Deploy.0 = Debug|ARM
		{23897F2C-C7F5-4246-9F44-9ED03FC9A853}.Debug|iPhone.ActiveCfg = Debug|Any CPU
		{23897F2C-C7F5-4246-9F44-9ED03FC9A853}.Debug|iPhone.Build.0 = Debug|Any CPU
		{23897F2C-C7F5-4246-9F44-9ED03FC9A853}.Debug|iPhone.Deploy.0 = Debug|Any CPU
		{23897F2C-C7F5-4246-9F44-9ED03FC9A853}.Debug|iPhoneSimulator.ActiveCfg = Debug|Any CPU
		{23897F2C-C7F5-4246-9F44-9ED03FC9A853}.Debug|iPhoneSimulator.Build.0 = Debug|Any CPU
		{23897F2C-C7F5-4246-9F44-9ED03FC9A853}.Debug|iPhoneSimulator.Deploy.0 = Debug|Any CPU
		{23897F2C-C7F5-4246-9F44-9ED03FC9A853}.Debug|x64.ActiveCfg = Debug|Any CPU
		{23897F2C-C7F5-4246-9F44-9ED03FC9A853}.Debug|x64.Build.0 = Debug|Any CPU
		{23897F2C-C7F5-4246-9F44-9ED03FC9A853}.Debug|x64.Deploy.0 = Debug|Any CPU
		{23897F2C-C7F5-4246-9F44-9ED03FC9A853}.Debug|x86.ActiveCfg = Debug|x86
		{23897F2C-C7F5-4246-9F44-9ED03FC9A853}.Debug|x86.Build.0 = Debug|x86
		{23897F2C-C7F5-4246-9F44-9ED03FC9A853}.Debug|x86.Deploy.0 = Debug|x86
		{23897F2C-C7F5-4246-9F44-9ED03FC9A853}.Release|Any CPU.ActiveCfg = Release|Any CPU
		{23897F2C-C7F5-4246-9F44-9ED03FC9A853}.Release|Any CPU.Build.0 = Release|Any CPU
		{23897F2C-C7F5-4246-9F44-9ED03FC9A853}.Release|Any CPU.Deploy.0 = Release|Any CPU
		{23897F2C-C7F5-4246-9F44-9ED03FC9A853}.Release|ARM.ActiveCfg = Release|ARM
		{23897F2C-C7F5-4246-9F44-9ED03FC9A853}.Release|ARM.Build.0 = Release|ARM
		{23897F2C-C7F5-4246-9F44-9ED03FC9A853}.Release|ARM.Deploy.0 = Release|ARM
		{23897F2C-C7F5-4246-9F44-9ED03FC9A853}.Release|iPhone.ActiveCfg = Release|Any CPU
		{23897F2C-C7F5-4246-9F44-9ED03FC9A853}.Release|iPhone.Build.0 = Release|Any CPU
		{23897F2C-C7F5-4246-9F44-9ED03FC9A853}.Release|iPhone.Deploy.0 = Release|Any CPU
		{23897F2C-C7F5-4246-9F44-9ED03FC9A853}.Release|iPhoneSimulator.ActiveCfg = Release|Any CPU
		{23897F2C-C7F5-4246-9F44-9ED03FC9A853}.Release|iPhoneSimulator.Build.0 = Release|Any CPU
		{23897F2C-C7F5-4246-9F44-9ED03FC9A853}.Release|iPhoneSimulator.Deploy.0 = Release|Any CPU
		{23897F2C-C7F5-4246-9F44-9ED03FC9A853}.Release|x64.ActiveCfg = Release|Any CPU
		{23897F2C-C7F5-4246-9F44-9ED03FC9A853}.Release|x64.Build.0 = Release|Any CPU
		{23897F2C-C7F5-4246-9F44-9ED03FC9A853}.Release|x64.Deploy.0 = Release|Any CPU
		{23897F2C-C7F5-4246-9F44-9ED03FC9A853}.Release|x86.ActiveCfg = Release|x86
		{23897F2C-C7F5-4246-9F44-9ED03FC9A853}.Release|x86.Build.0 = Release|x86
		{23897F2C-C7F5-4246-9F44-9ED03FC9A853}.Release|x86.Deploy.0 = Release|x86
		{4B15A18A-682F-48E2-B60A-FE8897696F3B}.Ad-Hoc|Any CPU.ActiveCfg = Release|x86
		{4B15A18A-682F-48E2-B60A-FE8897696F3B}.Ad-Hoc|Any CPU.Build.0 = Release|x86
		{4B15A18A-682F-48E2-B60A-FE8897696F3B}.Ad-Hoc|Any CPU.Deploy.0 = Release|x86
		{4B15A18A-682F-48E2-B60A-FE8897696F3B}.Ad-Hoc|ARM.ActiveCfg = Release|ARM
		{4B15A18A-682F-48E2-B60A-FE8897696F3B}.Ad-Hoc|ARM.Build.0 = Release|ARM
		{4B15A18A-682F-48E2-B60A-FE8897696F3B}.Ad-Hoc|ARM.Deploy.0 = Release|ARM
		{4B15A18A-682F-48E2-B60A-FE8897696F3B}.Ad-Hoc|iPhone.ActiveCfg = Release|x86
		{4B15A18A-682F-48E2-B60A-FE8897696F3B}.Ad-Hoc|iPhone.Build.0 = Release|x86
		{4B15A18A-682F-48E2-B60A-FE8897696F3B}.Ad-Hoc|iPhone.Deploy.0 = Release|x86
		{4B15A18A-682F-48E2-B60A-FE8897696F3B}.Ad-Hoc|iPhoneSimulator.ActiveCfg = Release|x86
		{4B15A18A-682F-48E2-B60A-FE8897696F3B}.Ad-Hoc|iPhoneSimulator.Build.0 = Release|x86
		{4B15A18A-682F-48E2-B60A-FE8897696F3B}.Ad-Hoc|iPhoneSimulator.Deploy.0 = Release|x86
		{4B15A18A-682F-48E2-B60A-FE8897696F3B}.Ad-Hoc|x64.ActiveCfg = Release|x64
		{4B15A18A-682F-48E2-B60A-FE8897696F3B}.Ad-Hoc|x64.Build.0 = Release|x64
		{4B15A18A-682F-48E2-B60A-FE8897696F3B}.Ad-Hoc|x64.Deploy.0 = Release|x64
		{4B15A18A-682F-48E2-B60A-FE8897696F3B}.Ad-Hoc|x86.ActiveCfg = Release|x86
		{4B15A18A-682F-48E2-B60A-FE8897696F3B}.Ad-Hoc|x86.Build.0 = Release|x86
		{4B15A18A-682F-48E2-B60A-FE8897696F3B}.Ad-Hoc|x86.Deploy.0 = Release|x86
		{4B15A18A-682F-48E2-B60A-FE8897696F3B}.AppStore|Any CPU.ActiveCfg = Release|x86
		{4B15A18A-682F-48E2-B60A-FE8897696F3B}.AppStore|Any CPU.Build.0 = Release|x86
		{4B15A18A-682F-48E2-B60A-FE8897696F3B}.AppStore|Any CPU.Deploy.0 = Release|x86
		{4B15A18A-682F-48E2-B60A-FE8897696F3B}.AppStore|ARM.ActiveCfg = Release|ARM
		{4B15A18A-682F-48E2-B60A-FE8897696F3B}.AppStore|ARM.Build.0 = Release|ARM
		{4B15A18A-682F-48E2-B60A-FE8897696F3B}.AppStore|ARM.Deploy.0 = Release|ARM
		{4B15A18A-682F-48E2-B60A-FE8897696F3B}.AppStore|iPhone.ActiveCfg = Release|x86
		{4B15A18A-682F-48E2-B60A-FE8897696F3B}.AppStore|iPhone.Build.0 = Release|x86
		{4B15A18A-682F-48E2-B60A-FE8897696F3B}.AppStore|iPhone.Deploy.0 = Release|x86
		{4B15A18A-682F-48E2-B60A-FE8897696F3B}.AppStore|iPhoneSimulator.ActiveCfg = Release|x86
		{4B15A18A-682F-48E2-B60A-FE8897696F3B}.AppStore|iPhoneSimulator.Build.0 = Release|x86
		{4B15A18A-682F-48E2-B60A-FE8897696F3B}.AppStore|iPhoneSimulator.Deploy.0 = Release|x86
		{4B15A18A-682F-48E2-B60A-FE8897696F3B}.AppStore|x64.ActiveCfg = Release|x64
		{4B15A18A-682F-48E2-B60A-FE8897696F3B}.AppStore|x64.Build.0 = Release|x64
		{4B15A18A-682F-48E2-B60A-FE8897696F3B}.AppStore|x64.Deploy.0 = Release|x64
		{4B15A18A-682F-48E2-B60A-FE8897696F3B}.AppStore|x86.ActiveCfg = Release|x86
		{4B15A18A-682F-48E2-B60A-FE8897696F3B}.AppStore|x86.Build.0 = Release|x86
		{4B15A18A-682F-48E2-B60A-FE8897696F3B}.AppStore|x86.Deploy.0 = Release|x86
		{4B15A18A-682F-48E2-B60A-FE8897696F3B}.Debug|Any CPU.ActiveCfg = Debug|x86
		{4B15A18A-682F-48E2-B60A-FE8897696F3B}.Debug|ARM.ActiveCfg = Debug|ARM
		{4B15A18A-682F-48E2-B60A-FE8897696F3B}.Debug|ARM.Build.0 = Debug|ARM
		{4B15A18A-682F-48E2-B60A-FE8897696F3B}.Debug|ARM.Deploy.0 = Debug|ARM
		{4B15A18A-682F-48E2-B60A-FE8897696F3B}.Debug|iPhone.ActiveCfg = Debug|x86
		{4B15A18A-682F-48E2-B60A-FE8897696F3B}.Debug|iPhoneSimulator.ActiveCfg = Debug|x86
		{4B15A18A-682F-48E2-B60A-FE8897696F3B}.Debug|x64.ActiveCfg = Debug|x64
		{4B15A18A-682F-48E2-B60A-FE8897696F3B}.Debug|x64.Build.0 = Debug|x64
		{4B15A18A-682F-48E2-B60A-FE8897696F3B}.Debug|x64.Deploy.0 = Debug|x64
		{4B15A18A-682F-48E2-B60A-FE8897696F3B}.Debug|x86.ActiveCfg = Debug|x86
		{4B15A18A-682F-48E2-B60A-FE8897696F3B}.Debug|x86.Build.0 = Debug|x86
		{4B15A18A-682F-48E2-B60A-FE8897696F3B}.Debug|x86.Deploy.0 = Debug|x86
		{4B15A18A-682F-48E2-B60A-FE8897696F3B}.Release|Any CPU.ActiveCfg = Release|x86
		{4B15A18A-682F-48E2-B60A-FE8897696F3B}.Release|ARM.ActiveCfg = Release|ARM
		{4B15A18A-682F-48E2-B60A-FE8897696F3B}.Release|ARM.Build.0 = Release|ARM
		{4B15A18A-682F-48E2-B60A-FE8897696F3B}.Release|ARM.Deploy.0 = Release|ARM
		{4B15A18A-682F-48E2-B60A-FE8897696F3B}.Release|iPhone.ActiveCfg = Release|x86
		{4B15A18A-682F-48E2-B60A-FE8897696F3B}.Release|iPhoneSimulator.ActiveCfg = Release|x86
		{4B15A18A-682F-48E2-B60A-FE8897696F3B}.Release|x64.ActiveCfg = Release|x64
		{4B15A18A-682F-48E2-B60A-FE8897696F3B}.Release|x64.Build.0 = Release|x64
		{4B15A18A-682F-48E2-B60A-FE8897696F3B}.Release|x64.Deploy.0 = Release|x64
		{4B15A18A-682F-48E2-B60A-FE8897696F3B}.Release|x86.ActiveCfg = Release|x86
		{4B15A18A-682F-48E2-B60A-FE8897696F3B}.Release|x86.Build.0 = Release|x86
		{4B15A18A-682F-48E2-B60A-FE8897696F3B}.Release|x86.Deploy.0 = Release|x86
		{80E77AFB-6339-44CF-B490-FFC9F6641762}.Ad-Hoc|Any CPU.ActiveCfg = Release|Any CPU
		{80E77AFB-6339-44CF-B490-FFC9F6641762}.Ad-Hoc|Any CPU.Build.0 = Release|Any CPU
		{80E77AFB-6339-44CF-B490-FFC9F6641762}.Ad-Hoc|Any CPU.Deploy.0 = Release|Any CPU
		{80E77AFB-6339-44CF-B490-FFC9F6641762}.Ad-Hoc|ARM.ActiveCfg = Release|ARM
		{80E77AFB-6339-44CF-B490-FFC9F6641762}.Ad-Hoc|ARM.Build.0 = Release|ARM
		{80E77AFB-6339-44CF-B490-FFC9F6641762}.Ad-Hoc|ARM.Deploy.0 = Release|ARM
		{80E77AFB-6339-44CF-B490-FFC9F6641762}.Ad-Hoc|iPhone.ActiveCfg = Release|Any CPU
		{80E77AFB-6339-44CF-B490-FFC9F6641762}.Ad-Hoc|iPhone.Build.0 = Release|Any CPU
		{80E77AFB-6339-44CF-B490-FFC9F6641762}.Ad-Hoc|iPhone.Deploy.0 = Release|Any CPU
		{80E77AFB-6339-44CF-B490-FFC9F6641762}.Ad-Hoc|iPhoneSimulator.ActiveCfg = Release|Any CPU
		{80E77AFB-6339-44CF-B490-FFC9F6641762}.Ad-Hoc|iPhoneSimulator.Build.0 = Release|Any CPU
		{80E77AFB-6339-44CF-B490-FFC9F6641762}.Ad-Hoc|iPhoneSimulator.Deploy.0 = Release|Any CPU
		{80E77AFB-6339-44CF-B490-FFC9F6641762}.Ad-Hoc|x64.ActiveCfg = Release|x64
		{80E77AFB-6339-44CF-B490-FFC9F6641762}.Ad-Hoc|x64.Build.0 = Release|x64
		{80E77AFB-6339-44CF-B490-FFC9F6641762}.Ad-Hoc|x64.Deploy.0 = Release|x64
		{80E77AFB-6339-44CF-B490-FFC9F6641762}.Ad-Hoc|x86.ActiveCfg = Release|x86
		{80E77AFB-6339-44CF-B490-FFC9F6641762}.Ad-Hoc|x86.Build.0 = Release|x86
		{80E77AFB-6339-44CF-B490-FFC9F6641762}.Ad-Hoc|x86.Deploy.0 = Release|x86
		{80E77AFB-6339-44CF-B490-FFC9F6641762}.AppStore|Any CPU.ActiveCfg = Release|Any CPU
		{80E77AFB-6339-44CF-B490-FFC9F6641762}.AppStore|Any CPU.Build.0 = Release|Any CPU
		{80E77AFB-6339-44CF-B490-FFC9F6641762}.AppStore|Any CPU.Deploy.0 = Release|Any CPU
		{80E77AFB-6339-44CF-B490-FFC9F6641762}.AppStore|ARM.ActiveCfg = Release|ARM
		{80E77AFB-6339-44CF-B490-FFC9F6641762}.AppStore|ARM.Build.0 = Release|ARM
		{80E77AFB-6339-44CF-B490-FFC9F6641762}.AppStore|ARM.Deploy.0 = Release|ARM
		{80E77AFB-6339-44CF-B490-FFC9F6641762}.AppStore|iPhone.ActiveCfg = Release|Any CPU
		{80E77AFB-6339-44CF-B490-FFC9F6641762}.AppStore|iPhone.Build.0 = Release|Any CPU
		{80E77AFB-6339-44CF-B490-FFC9F6641762}.AppStore|iPhone.Deploy.0 = Release|Any CPU
		{80E77AFB-6339-44CF-B490-FFC9F6641762}.AppStore|iPhoneSimulator.ActiveCfg = Release|Any CPU
		{80E77AFB-6339-44CF-B490-FFC9F6641762}.AppStore|iPhoneSimulator.Build.0 = Release|Any CPU
		{80E77AFB-6339-44CF-B490-FFC9F6641762}.AppStore|iPhoneSimulator.Deploy.0 = Release|Any CPU
		{80E77AFB-6339-44CF-B490-FFC9F6641762}.AppStore|x64.ActiveCfg = Release|x64
		{80E77AFB-6339-44CF-B490-FFC9F6641762}.AppStore|x64.Build.0 = Release|x64
		{80E77AFB-6339-44CF-B490-FFC9F6641762}.AppStore|x64.Deploy.0 = Release|x64
		{80E77AFB-6339-44CF-B490-FFC9F6641762}.AppStore|x86.ActiveCfg = Release|x86
		{80E77AFB-6339-44CF-B490-FFC9F6641762}.AppStore|x86.Build.0 = Release|x86
		{80E77AFB-6339-44CF-B490-FFC9F6641762}.AppStore|x86.Deploy.0 = Release|x86
		{80E77AFB-6339-44CF-B490-FFC9F6641762}.Debug|Any CPU.ActiveCfg = Debug|Any CPU
		{80E77AFB-6339-44CF-B490-FFC9F6641762}.Debug|Any CPU.Build.0 = Debug|Any CPU
		{80E77AFB-6339-44CF-B490-FFC9F6641762}.Debug|Any CPU.Deploy.0 = Debug|Any CPU
		{80E77AFB-6339-44CF-B490-FFC9F6641762}.Debug|ARM.ActiveCfg = Debug|ARM
		{80E77AFB-6339-44CF-B490-FFC9F6641762}.Debug|ARM.Build.0 = Debug|ARM
		{80E77AFB-6339-44CF-B490-FFC9F6641762}.Debug|ARM.Deploy.0 = Debug|ARM
		{80E77AFB-6339-44CF-B490-FFC9F6641762}.Debug|iPhone.ActiveCfg = Debug|Any CPU
		{80E77AFB-6339-44CF-B490-FFC9F6641762}.Debug|iPhone.Build.0 = Debug|Any CPU
		{80E77AFB-6339-44CF-B490-FFC9F6641762}.Debug|iPhone.Deploy.0 = Debug|Any CPU
		{80E77AFB-6339-44CF-B490-FFC9F6641762}.Debug|iPhoneSimulator.ActiveCfg = Debug|Any CPU
		{80E77AFB-6339-44CF-B490-FFC9F6641762}.Debug|iPhoneSimulator.Build.0 = Debug|Any CPU
		{80E77AFB-6339-44CF-B490-FFC9F6641762}.Debug|iPhoneSimulator.Deploy.0 = Debug|Any CPU
		{80E77AFB-6339-44CF-B490-FFC9F6641762}.Debug|x64.ActiveCfg = Debug|x64
		{80E77AFB-6339-44CF-B490-FFC9F6641762}.Debug|x64.Build.0 = Debug|x64
		{80E77AFB-6339-44CF-B490-FFC9F6641762}.Debug|x64.Deploy.0 = Debug|x64
		{80E77AFB-6339-44CF-B490-FFC9F6641762}.Debug|x86.ActiveCfg = Debug|x86
		{80E77AFB-6339-44CF-B490-FFC9F6641762}.Debug|x86.Build.0 = Debug|x86
		{80E77AFB-6339-44CF-B490-FFC9F6641762}.Debug|x86.Deploy.0 = Debug|x86
		{80E77AFB-6339-44CF-B490-FFC9F6641762}.Release|Any CPU.ActiveCfg = Release|Any CPU
		{80E77AFB-6339-44CF-B490-FFC9F6641762}.Release|Any CPU.Build.0 = Release|Any CPU
		{80E77AFB-6339-44CF-B490-FFC9F6641762}.Release|Any CPU.Deploy.0 = Release|Any CPU
		{80E77AFB-6339-44CF-B490-FFC9F6641762}.Release|ARM.ActiveCfg = Release|ARM
		{80E77AFB-6339-44CF-B490-FFC9F6641762}.Release|ARM.Build.0 = Release|ARM
		{80E77AFB-6339-44CF-B490-FFC9F6641762}.Release|ARM.Deploy.0 = Release|ARM
		{80E77AFB-6339-44CF-B490-FFC9F6641762}.Release|iPhone.ActiveCfg = Release|Any CPU
		{80E77AFB-6339-44CF-B490-FFC9F6641762}.Release|iPhone.Build.0 = Release|Any CPU
		{80E77AFB-6339-44CF-B490-FFC9F6641762}.Release|iPhone.Deploy.0 = Release|Any CPU
		{80E77AFB-6339-44CF-B490-FFC9F6641762}.Release|iPhoneSimulator.ActiveCfg = Release|Any CPU
		{80E77AFB-6339-44CF-B490-FFC9F6641762}.Release|iPhoneSimulator.Build.0 = Release|Any CPU
		{80E77AFB-6339-44CF-B490-FFC9F6641762}.Release|iPhoneSimulator.Deploy.0 = Release|Any CPU
		{80E77AFB-6339-44CF-B490-FFC9F6641762}.Release|x64.ActiveCfg = Release|x64
		{80E77AFB-6339-44CF-B490-FFC9F6641762}.Release|x64.Build.0 = Release|x64
		{80E77AFB-6339-44CF-B490-FFC9F6641762}.Release|x64.Deploy.0 = Release|x64
		{80E77AFB-6339-44CF-B490-FFC9F6641762}.Release|x86.ActiveCfg = Release|x86
		{80E77AFB-6339-44CF-B490-FFC9F6641762}.Release|x86.Build.0 = Release|x86
		{80E77AFB-6339-44CF-B490-FFC9F6641762}.Release|x86.Deploy.0 = Release|x86
		{74A13CF7-3BC7-4DFB-987D-1A6DAC40F5AD}.Ad-Hoc|Any CPU.ActiveCfg = Release|Any CPU
		{74A13CF7-3BC7-4DFB-987D-1A6DAC40F5AD}.Ad-Hoc|Any CPU.Build.0 = Release|Any CPU
		{74A13CF7-3BC7-4DFB-987D-1A6DAC40F5AD}.Ad-Hoc|ARM.ActiveCfg = Release|Any CPU
		{74A13CF7-3BC7-4DFB-987D-1A6DAC40F5AD}.Ad-Hoc|ARM.Build.0 = Release|Any CPU
		{74A13CF7-3BC7-4DFB-987D-1A6DAC40F5AD}.Ad-Hoc|iPhone.ActiveCfg = Release|Any CPU
		{74A13CF7-3BC7-4DFB-987D-1A6DAC40F5AD}.Ad-Hoc|iPhone.Build.0 = Release|Any CPU
		{74A13CF7-3BC7-4DFB-987D-1A6DAC40F5AD}.Ad-Hoc|iPhoneSimulator.ActiveCfg = Release|Any CPU
		{74A13CF7-3BC7-4DFB-987D-1A6DAC40F5AD}.Ad-Hoc|iPhoneSimulator.Build.0 = Release|Any CPU
		{74A13CF7-3BC7-4DFB-987D-1A6DAC40F5AD}.Ad-Hoc|x64.ActiveCfg = Release|Any CPU
		{74A13CF7-3BC7-4DFB-987D-1A6DAC40F5AD}.Ad-Hoc|x64.Build.0 = Release|Any CPU
		{74A13CF7-3BC7-4DFB-987D-1A6DAC40F5AD}.Ad-Hoc|x86.ActiveCfg = Release|Any CPU
		{74A13CF7-3BC7-4DFB-987D-1A6DAC40F5AD}.Ad-Hoc|x86.Build.0 = Release|Any CPU
		{74A13CF7-3BC7-4DFB-987D-1A6DAC40F5AD}.AppStore|Any CPU.ActiveCfg = Release|Any CPU
		{74A13CF7-3BC7-4DFB-987D-1A6DAC40F5AD}.AppStore|Any CPU.Build.0 = Release|Any CPU
		{74A13CF7-3BC7-4DFB-987D-1A6DAC40F5AD}.AppStore|ARM.ActiveCfg = Release|Any CPU
		{74A13CF7-3BC7-4DFB-987D-1A6DAC40F5AD}.AppStore|ARM.Build.0 = Release|Any CPU
		{74A13CF7-3BC7-4DFB-987D-1A6DAC40F5AD}.AppStore|iPhone.ActiveCfg = Release|Any CPU
		{74A13CF7-3BC7-4DFB-987D-1A6DAC40F5AD}.AppStore|iPhone.Build.0 = Release|Any CPU
		{74A13CF7-3BC7-4DFB-987D-1A6DAC40F5AD}.AppStore|iPhoneSimulator.ActiveCfg = Release|Any CPU
		{74A13CF7-3BC7-4DFB-987D-1A6DAC40F5AD}.AppStore|iPhoneSimulator.Build.0 = Release|Any CPU
		{74A13CF7-3BC7-4DFB-987D-1A6DAC40F5AD}.AppStore|x64.ActiveCfg = Release|Any CPU
		{74A13CF7-3BC7-4DFB-987D-1A6DAC40F5AD}.AppStore|x64.Build.0 = Release|Any CPU
		{74A13CF7-3BC7-4DFB-987D-1A6DAC40F5AD}.AppStore|x86.ActiveCfg = Release|Any CPU
		{74A13CF7-3BC7-4DFB-987D-1A6DAC40F5AD}.AppStore|x86.Build.0 = Release|Any CPU
		{74A13CF7-3BC7-4DFB-987D-1A6DAC40F5AD}.Debug|Any CPU.ActiveCfg = Debug|Any CPU
		{74A13CF7-3BC7-4DFB-987D-1A6DAC40F5AD}.Debug|Any CPU.Build.0 = Debug|Any CPU
		{74A13CF7-3BC7-4DFB-987D-1A6DAC40F5AD}.Debug|ARM.ActiveCfg = Debug|Any CPU
		{74A13CF7-3BC7-4DFB-987D-1A6DAC40F5AD}.Debug|ARM.Build.0 = Debug|Any CPU
		{74A13CF7-3BC7-4DFB-987D-1A6DAC40F5AD}.Debug|iPhone.ActiveCfg = Debug|Any CPU
		{74A13CF7-3BC7-4DFB-987D-1A6DAC40F5AD}.Debug|iPhone.Build.0 = Debug|Any CPU
		{74A13CF7-3BC7-4DFB-987D-1A6DAC40F5AD}.Debug|iPhoneSimulator.ActiveCfg = Debug|Any CPU
		{74A13CF7-3BC7-4DFB-987D-1A6DAC40F5AD}.Debug|iPhoneSimulator.Build.0 = Debug|Any CPU
		{74A13CF7-3BC7-4DFB-987D-1A6DAC40F5AD}.Debug|x64.ActiveCfg = Debug|Any CPU
		{74A13CF7-3BC7-4DFB-987D-1A6DAC40F5AD}.Debug|x64.Build.0 = Debug|Any CPU
		{74A13CF7-3BC7-4DFB-987D-1A6DAC40F5AD}.Debug|x86.ActiveCfg = Debug|Any CPU
		{74A13CF7-3BC7-4DFB-987D-1A6DAC40F5AD}.Debug|x86.Build.0 = Debug|Any CPU
		{74A13CF7-3BC7-4DFB-987D-1A6DAC40F5AD}.Release|Any CPU.ActiveCfg = Release|Any CPU
		{74A13CF7-3BC7-4DFB-987D-1A6DAC40F5AD}.Release|Any CPU.Build.0 = Release|Any CPU
		{74A13CF7-3BC7-4DFB-987D-1A6DAC40F5AD}.Release|ARM.ActiveCfg = Release|Any CPU
		{74A13CF7-3BC7-4DFB-987D-1A6DAC40F5AD}.Release|ARM.Build.0 = Release|Any CPU
		{74A13CF7-3BC7-4DFB-987D-1A6DAC40F5AD}.Release|iPhone.ActiveCfg = Release|Any CPU
		{74A13CF7-3BC7-4DFB-987D-1A6DAC40F5AD}.Release|iPhone.Build.0 = Release|Any CPU
		{74A13CF7-3BC7-4DFB-987D-1A6DAC40F5AD}.Release|iPhoneSimulator.ActiveCfg = Release|Any CPU
		{74A13CF7-3BC7-4DFB-987D-1A6DAC40F5AD}.Release|iPhoneSimulator.Build.0 = Release|Any CPU
		{74A13CF7-3BC7-4DFB-987D-1A6DAC40F5AD}.Release|x64.ActiveCfg = Release|Any CPU
		{74A13CF7-3BC7-4DFB-987D-1A6DAC40F5AD}.Release|x64.Build.0 = Release|Any CPU
		{74A13CF7-3BC7-4DFB-987D-1A6DAC40F5AD}.Release|x86.ActiveCfg = Release|Any CPU
		{74A13CF7-3BC7-4DFB-987D-1A6DAC40F5AD}.Release|x86.Build.0 = Release|Any CPU
	EndGlobalSection
	GlobalSection(SolutionProperties) = preSolution
		HideSolutionNode = FALSE
	EndGlobalSection
EndGlobal
